
Microsoft Visual Studio Solution File, Format Version 12.00
# Visual Studio 15
VisualStudioVersion = 15.0.28307.271
MinimumVisualStudioVersion = 10.0.40219.1
Project("{FAE04EC0-301F-11D3-BF4B-00C04F79EFBC}") = "NorthwindExam.Gui.Desktop", "NorthwindExam.Gui.Desktop\NorthwindExam.Gui.Desktop.csproj", "{C188CF1C-24C7-49D5-AF8C-3156B374168E}"
EndProject
Project("{FAE04EC0-301F-11D3-BF4B-00C04F79EFBC}") = "NorthwindExam.Dal", "NorthwindExam.Dal\NorthwindExam.Dal.csproj", "{D5491ADB-E97E-470D-9C74-C07DE201CF73}"
EndProject
Project("{FAE04EC0-301F-11D3-BF4B-00C04F79EFBC}") = "NorthwindExam.Entities", "NorthwindExam.Entities\NorthwindExam.Entities.csproj", "{EE212B58-006B-4EB4-9574-47D90C286B89}"
EndProject
Global
	GlobalSection(SolutionConfigurationPlatforms) = preSolution
		Debug|Any CPU = Debug|Any CPU
		Release|Any CPU = Release|Any CPU
	EndGlobalSection
	GlobalSection(ProjectConfigurationPlatforms) = postSolution
		{C188CF1C-24C7-49D5-AF8C-3156B374168E}.Debug|Any CPU.ActiveCfg = Debug|Any CPU
		{C188CF1C-24C7-49D5-AF8C-3156B374168E}.Debug|Any CPU.Build.0 = Debug|Any CPU
		{C188CF1C-24C7-49D5-AF8C-3156B374168E}.Release|Any CPU.ActiveCfg = Release|Any CPU
		{C188CF1C-24C7-49D5-AF8C-3156B374168E}.Release|Any CPU.Build.0 = Release|Any CPU
		{D5491ADB-E97E-470D-9C74-C07DE201CF73}.Debug|Any CPU.ActiveCfg = Debug|Any CPU
		{D5491ADB-E97E-470D-9C74-C07DE201CF73}.Debug|Any CPU.Build.0 = Debug|Any CPU
		{D5491ADB-E97E-470D-9C74-C07DE201CF73}.Release|Any CPU.ActiveCfg = Release|Any CPU
		{D5491ADB-E97E-470D-9C74-C07DE201CF73}.Release|Any CPU.Build.0 = Release|Any CPU
		{EE212B58-006B-4EB4-9574-47D90C286B89}.Debug|Any CPU.ActiveCfg = Debug|Any CPU
		{EE212B58-006B-4EB4-9574-47D90C286B89}.Debug|Any CPU.Build.0 = Debug|Any CPU
		{EE212B58-006B-4EB4-9574-47D90C286B89}.Release|Any CPU.ActiveCfg = Release|Any CPU
		{EE212B58-006B-4EB4-9574-47D90C286B89}.Release|Any CPU.Build.0 = Release|Any CPU
	EndGlobalSection
	GlobalSection(SolutionProperties) = preSolution
		HideSolutionNode = FALSE
	EndGlobalSection
	GlobalSection(ExtensibilityGlobals) = postSolution
		SolutionGuid = {074F9969-B44B-4360-AFAB-70EB80B9E492}
	EndGlobalSection
EndGlobal
