
Microsoft Visual Studio Solution File, Format Version 12.00
# Visual Studio 15
VisualStudioVersion = 15.0.28307.271
MinimumVisualStudioVersion = 10.0.40219.1
Project("{FAE04EC0-301F-11D3-BF4B-00C04F79EFBC}") = "NorthwindExam.Gui.Desktop", "NorthwindExam.Gui.Desktop\NorthwindExam.Gui.Desktop.csproj", "{C188CF1C-24C7-49D5-AF8C-3156B374168E}"
EndProject
Project("{FAE04EC0-301F-11D3-BF4B-00C04F79EFBC}") = "NorthwindExam.Dal", "NorthwindExam.Dal\NorthwindExam.Dal.csproj", "{D5491ADB-E97E-470D-9C74-C07DE201CF73}"
EndProject
Project("{FAE04EC0-301F-11D3-BF4B-00C04F79EFBC}") = "NorthwindExam.Entities", "NorthwindExam.Entities\NorthwindExam.Entities.csproj", "{C0355B22-BE04-4C50-9DA0-3A94491818D2}"
EndProject
Project("{FAE04EC0-301F-11D3-BF4B-00C04F79EFBC}") = "NorthwindExam.DalTest", "NorthwindExam.DalTest\NorthwindExam.DalTest.csproj", "{53F445EA-1AF7-4344-AB2C-374A157A45D4}"
EndProject
Project("{FAE04EC0-301F-11D3-BF4B-00C04F79EFBC}") = "NorthwindExam.WebService", "NorthwindExam.WebService\NorthwindExam.WebService.csproj", "{0A5CCCC6-0F23-4795-92D2-65F17F786D15}"
EndProject
Project("{FAE04EC0-301F-11D3-BF4B-00C04F79EFBC}") = "NorthwindExam.WebServiceTest", "NorthwindExam.WebServiceTest\NorthwindExam.WebServiceTest.csproj", "{720B857D-6B16-4A87-A32F-3463BC4811BD}"
EndProject
Global
	GlobalSection(SolutionConfigurationPlatforms) = preSolution
		Debug|Any CPU = Debug|Any CPU
		Release|Any CPU = Release|Any CPU
	EndGlobalSection
	GlobalSection(ProjectConfigurationPlatforms) = postSolution
		{C188CF1C-24C7-49D5-AF8C-3156B374168E}.Debug|Any CPU.ActiveCfg = Debug|Any CPU
		{C188CF1C-24C7-49D5-AF8C-3156B374168E}.Debug|Any CPU.Build.0 = Debug|Any CPU
		{C188CF1C-24C7-49D5-AF8C-3156B374168E}.Release|Any CPU.ActiveCfg = Release|Any CPU
		{C188CF1C-24C7-49D5-AF8C-3156B374168E}.Release|Any CPU.Build.0 = Release|Any CPU
		{D5491ADB-E97E-470D-9C74-C07DE201CF73}.Debug|Any CPU.ActiveCfg = Debug|Any CPU
		{D5491ADB-E97E-470D-9C74-C07DE201CF73}.Debug|Any CPU.Build.0 = Debug|Any CPU
		{D5491ADB-E97E-470D-9C74-C07DE201CF73}.Release|Any CPU.ActiveCfg = Release|Any CPU
		{D5491ADB-E97E-470D-9C74-C07DE201CF73}.Release|Any CPU.Build.0 = Release|Any CPU
		{C0355B22-BE04-4C50-9DA0-3A94491818D2}.Debug|Any CPU.ActiveCfg = Debug|Any CPU
		{C0355B22-BE04-4C50-9DA0-3A94491818D2}.Debug|Any CPU.Build.0 = Debug|Any CPU
		{C0355B22-BE04-4C50-9DA0-3A94491818D2}.Release|Any CPU.ActiveCfg = Release|Any CPU
		{C0355B22-BE04-4C50-9DA0-3A94491818D2}.Release|Any CPU.Build.0 = Release|Any CPU
		{53F445EA-1AF7-4344-AB2C-374A157A45D4}.Debug|Any CPU.ActiveCfg = Debug|Any CPU
		{53F445EA-1AF7-4344-AB2C-374A157A45D4}.Debug|Any CPU.Build.0 = Debug|Any CPU
		{53F445EA-1AF7-4344-AB2C-374A157A45D4}.Release|Any CPU.ActiveCfg = Release|Any CPU
		{53F445EA-1AF7-4344-AB2C-374A157A45D4}.Release|Any CPU.Build.0 = Release|Any CPU
		{0A5CCCC6-0F23-4795-92D2-65F17F786D15}.Debug|Any CPU.ActiveCfg = Debug|Any CPU
		{0A5CCCC6-0F23-4795-92D2-65F17F786D15}.Debug|Any CPU.Build.0 = Debug|Any CPU
		{0A5CCCC6-0F23-4795-92D2-65F17F786D15}.Release|Any CPU.ActiveCfg = Release|Any CPU
		{0A5CCCC6-0F23-4795-92D2-65F17F786D15}.Release|Any CPU.Build.0 = Release|Any CPU
		{720B857D-6B16-4A87-A32F-3463BC4811BD}.Debug|Any CPU.ActiveCfg = Debug|Any CPU
		{720B857D-6B16-4A87-A32F-3463BC4811BD}.Debug|Any CPU.Build.0 = Debug|Any CPU
		{720B857D-6B16-4A87-A32F-3463BC4811BD}.Release|Any CPU.ActiveCfg = Release|Any CPU
		{720B857D-6B16-4A87-A32F-3463BC4811BD}.Release|Any CPU.Build.0 = Release|Any CPU
	EndGlobalSection
	GlobalSection(SolutionProperties) = preSolution
		HideSolutionNode = FALSE
	EndGlobalSection
	GlobalSection(ExtensibilityGlobals) = postSolution
		SolutionGuid = {074F9969-B44B-4360-AFAB-70EB80B9E492}
	EndGlobalSection
EndGlobal
